
Microsoft Visual Studio Solution File, Format Version 12.00
# Visual Studio Version 17
VisualStudioVersion = 17.2.32616.157
MinimumVisualStudioVersion = 10.0.40219.1
Project("{FAE04EC0-301F-11D3-BF4B-00C04F79EFBC}") = "Comparision", "WindowsFormsApp1\Comparision.csproj", "{A0F932E7-2ED3-4EAB-83D2-F10CFACA4A76}"
EndProject
Global
	GlobalSection(SolutionConfigurationPlatforms) = preSolution
		Debug|Any CPU = Debug|Any CPU
		Release|Any CPU = Release|Any CPU
	EndGlobalSection
	GlobalSection(ProjectConfigurationPlatforms) = postSolution
		{A0F932E7-2ED3-4EAB-83D2-F10CFACA4A76}.Debug|Any CPU.ActiveCfg = Debug|Any CPU
		{A0F932E7-2ED3-4EAB-83D2-F10CFACA4A76}.Debug|Any CPU.Build.0 = Debug|Any CPU
		{A0F932E7-2ED3-4EAB-83D2-F10CFACA4A76}.Release|Any CPU.ActiveCfg = Release|Any CPU
		{A0F932E7-2ED3-4EAB-83D2-F10CFACA4A76}.Release|Any CPU.Build.0 = Release|Any CPU
	EndGlobalSection
	GlobalSection(SolutionProperties) = preSolution
		HideSolutionNode = FALSE
	EndGlobalSection
	GlobalSection(ExtensibilityGlobals) = postSolution
		SolutionGuid = {DCA12D5A-07A0-4A76-8393-CF9CF0CD69BE}
	EndGlobalSection
EndGlobal
